
Microsoft Visual Studio Solution File, Format Version 12.00
# Visual Studio Version 16
VisualStudioVersion = 16.0.29728.190
MinimumVisualStudioVersion = 10.0.40219.1
Project("{FAE04EC0-301F-11D3-BF4B-00C04F79EFBC}") = "SportStoreBookTutor", "SportStoreBookTutor\SportStoreBookTutor.csproj", "{034E5755-2268-4505-8088-78921699885D}"
EndProject
Global
	GlobalSection(SolutionConfigurationPlatforms) = preSolution
		Debug|Any CPU = Debug|Any CPU
		Release|Any CPU = Release|Any CPU
	EndGlobalSection
	GlobalSection(ProjectConfigurationPlatforms) = postSolution
		{034E5755-2268-4505-8088-78921699885D}.Debug|Any CPU.ActiveCfg = Debug|Any CPU
		{034E5755-2268-4505-8088-78921699885D}.Debug|Any CPU.Build.0 = Debug|Any CPU
		{034E5755-2268-4505-8088-78921699885D}.Release|Any CPU.ActiveCfg = Release|Any CPU
		{034E5755-2268-4505-8088-78921699885D}.Release|Any CPU.Build.0 = Release|Any CPU
	EndGlobalSection
	GlobalSection(SolutionProperties) = preSolution
		HideSolutionNode = FALSE
	EndGlobalSection
	GlobalSection(ExtensibilityGlobals) = postSolution
		SolutionGuid = {B0EA998B-B994-412E-93A7-26C2C973F2C4}
	EndGlobalSection
EndGlobal
